
Microsoft Visual Studio Solution File, Format Version 12.00
# Visual Studio Version 16
VisualStudioVersion = 16.0.32002.261
MinimumVisualStudioVersion = 10.0.40219.1
Project("{FAE04EC0-301F-11D3-BF4B-00C04F79EFBC}") = "House Prices Prediction MLNet", "House Prices Prediction MLNet.csproj", "{C07FBC33-7F96-4555-906A-ED4764D6686A}"
EndProject
Global
	GlobalSection(SolutionConfigurationPlatforms) = preSolution
		Debug|Any CPU = Debug|Any CPU
		Release|Any CPU = Release|Any CPU
	EndGlobalSection
	GlobalSection(ProjectConfigurationPlatforms) = postSolution
		{C07FBC33-7F96-4555-906A-ED4764D6686A}.Debug|Any CPU.ActiveCfg = Debug|Any CPU
		{C07FBC33-7F96-4555-906A-ED4764D6686A}.Debug|Any CPU.Build.0 = Debug|Any CPU
		{C07FBC33-7F96-4555-906A-ED4764D6686A}.Release|Any CPU.ActiveCfg = Release|Any CPU
		{C07FBC33-7F96-4555-906A-ED4764D6686A}.Release|Any CPU.Build.0 = Release|Any CPU
	EndGlobalSection
	GlobalSection(SolutionProperties) = preSolution
		HideSolutionNode = FALSE
	EndGlobalSection
	GlobalSection(ExtensibilityGlobals) = postSolution
		SolutionGuid = {FB5FF8C8-1F20-4936-AA55-87E6D26AEE5B}
	EndGlobalSection
EndGlobal
